
Microsoft Visual Studio Solution File, Format Version 12.00
# Visual Studio Version 16
VisualStudioVersion = 16.0.31727.386
MinimumVisualStudioVersion = 10.0.40219.1
Project("{9A19103F-16F7-4668-BE54-9A1E7A4F7556}") = "CardFileOfTextMaterialsEpam.PL", "CardFileOfTextMaterialsEpam.PL\CardFileOfTextMaterialsEpam.PL.csproj", "{6D8DBFE1-3718-4358-902E-FDFA1E3916CB}"
EndProject
Project("{9A19103F-16F7-4668-BE54-9A1E7A4F7556}") = "CardFileOfTextMaterialsEpam.DAL", "CardFileOfTextMaterialsEpam.DAL\CardFileOfTextMaterialsEpam.DAL.csproj", "{B39F3BF3-CF75-4817-B4F7-D8640178BF1D}"
EndProject
Project("{9A19103F-16F7-4668-BE54-9A1E7A4F7556}") = "CardFileOfTextMaterialsEpam.BL", "CardFileOfTextMaterialsEpam.BL\CardFileOfTextMaterialsEpam.BL.csproj", "{15EC2212-6BE0-48B4-816E-D490C4B8A540}"
EndProject
Global
	GlobalSection(SolutionConfigurationPlatforms) = preSolution
		Debug|Any CPU = Debug|Any CPU
		Release|Any CPU = Release|Any CPU
	EndGlobalSection
	GlobalSection(ProjectConfigurationPlatforms) = postSolution
		{6D8DBFE1-3718-4358-902E-FDFA1E3916CB}.Debug|Any CPU.ActiveCfg = Debug|Any CPU
		{6D8DBFE1-3718-4358-902E-FDFA1E3916CB}.Debug|Any CPU.Build.0 = Debug|Any CPU
		{6D8DBFE1-3718-4358-902E-FDFA1E3916CB}.Release|Any CPU.ActiveCfg = Release|Any CPU
		{6D8DBFE1-3718-4358-902E-FDFA1E3916CB}.Release|Any CPU.Build.0 = Release|Any CPU
		{B39F3BF3-CF75-4817-B4F7-D8640178BF1D}.Debug|Any CPU.ActiveCfg = Debug|Any CPU
		{B39F3BF3-CF75-4817-B4F7-D8640178BF1D}.Debug|Any CPU.Build.0 = Debug|Any CPU
		{B39F3BF3-CF75-4817-B4F7-D8640178BF1D}.Release|Any CPU.ActiveCfg = Release|Any CPU
		{B39F3BF3-CF75-4817-B4F7-D8640178BF1D}.Release|Any CPU.Build.0 = Release|Any CPU
		{15EC2212-6BE0-48B4-816E-D490C4B8A540}.Debug|Any CPU.ActiveCfg = Debug|Any CPU
		{15EC2212-6BE0-48B4-816E-D490C4B8A540}.Debug|Any CPU.Build.0 = Debug|Any CPU
		{15EC2212-6BE0-48B4-816E-D490C4B8A540}.Release|Any CPU.ActiveCfg = Release|Any CPU
		{15EC2212-6BE0-48B4-816E-D490C4B8A540}.Release|Any CPU.Build.0 = Release|Any CPU
	EndGlobalSection
	GlobalSection(SolutionProperties) = preSolution
		HideSolutionNode = FALSE
	EndGlobalSection
	GlobalSection(ExtensibilityGlobals) = postSolution
		SolutionGuid = {4AB37B59-FFA5-4F78-B7B2-9C474FBA8F68}
	EndGlobalSection
EndGlobal
